
Microsoft Visual Studio Solution File, Format Version 12.00
# Visual Studio Version 16
VisualStudioVersion = 16.0.31025.194
MinimumVisualStudioVersion = 10.0.40219.1
Project("{9A19103F-16F7-4668-BE54-9A1E7A4F7556}") = "AspNetCoreWebApiMongoDB", "AspNetCoreWebApiMongoDB\AspNetCoreWebApiMongoDB.csproj", "{6DA4F637-B84C-49FB-9331-218259EECA51}"
EndProject
Project("{FAE04EC0-301F-11D3-BF4B-00C04F79EFBC}") = "AspNetCoreWebApiMongoDB.IntegrationTests", "AspNetCoreWebApiMongoDB.IntegrationTests\AspNetCoreWebApiMongoDB.IntegrationTests.csproj", "{8C47DE50-13A4-4C8D-A78A-24197ADD0805}"
EndProject
Global
	GlobalSection(SolutionConfigurationPlatforms) = preSolution
		Debug|Any CPU = Debug|Any CPU
		Release|Any CPU = Release|Any CPU
	EndGlobalSection
	GlobalSection(ProjectConfigurationPlatforms) = postSolution
		{6DA4F637-B84C-49FB-9331-218259EECA51}.Debug|Any CPU.ActiveCfg = Debug|Any CPU
		{6DA4F637-B84C-49FB-9331-218259EECA51}.Debug|Any CPU.Build.0 = Debug|Any CPU
		{6DA4F637-B84C-49FB-9331-218259EECA51}.Release|Any CPU.ActiveCfg = Release|Any CPU
		{6DA4F637-B84C-49FB-9331-218259EECA51}.Release|Any CPU.Build.0 = Release|Any CPU
		{8C47DE50-13A4-4C8D-A78A-24197ADD0805}.Debug|Any CPU.ActiveCfg = Debug|Any CPU
		{8C47DE50-13A4-4C8D-A78A-24197ADD0805}.Debug|Any CPU.Build.0 = Debug|Any CPU
		{8C47DE50-13A4-4C8D-A78A-24197ADD0805}.Release|Any CPU.ActiveCfg = Release|Any CPU
		{8C47DE50-13A4-4C8D-A78A-24197ADD0805}.Release|Any CPU.Build.0 = Release|Any CPU
	EndGlobalSection
	GlobalSection(SolutionProperties) = preSolution
		HideSolutionNode = FALSE
	EndGlobalSection
	GlobalSection(ExtensibilityGlobals) = postSolution
		SolutionGuid = {13CE0F87-5B24-40E7-A04E-724E3B9AC6E2}
	EndGlobalSection
EndGlobal
